
Microsoft Visual Studio Solution File, Format Version 12.00
Project("{FAE04EC0-301F-11D3-BF4B-00C04F79EFBC}") = "MAEPS-Data-Processor", "MAEPS-Data-Processor\MAEPS-Data-Processor.csproj", "{5E0F31C5-2F64-4F38-B911-551639609D6E}"
EndProject
Global
	GlobalSection(SolutionConfigurationPlatforms) = preSolution
		Debug|Any CPU = Debug|Any CPU
		Release|Any CPU = Release|Any CPU
	EndGlobalSection
	GlobalSection(ProjectConfigurationPlatforms) = postSolution
		{5E0F31C5-2F64-4F38-B911-551639609D6E}.Debug|Any CPU.ActiveCfg = Debug|Any CPU
		{5E0F31C5-2F64-4F38-B911-551639609D6E}.Debug|Any CPU.Build.0 = Debug|Any CPU
		{5E0F31C5-2F64-4F38-B911-551639609D6E}.Release|Any CPU.ActiveCfg = Release|Any CPU
		{5E0F31C5-2F64-4F38-B911-551639609D6E}.Release|Any CPU.Build.0 = Release|Any CPU
	EndGlobalSection
EndGlobal
